
Microsoft Visual Studio Solution File, Format Version 12.00
# Visual Studio Version 17
VisualStudioVersion = 17.5.33516.290
MinimumVisualStudioVersion = 10.0.40219.1
Project("{8BC9CEB8-8B4A-11D0-8D11-00A0C91BC942}") = "rpdb_1_new", "rpdb_1_new\rpdb_1_new.vcxproj", "{D6E54A55-E3F4-4F9C-901B-995C7C51EADF}"
EndProject
Global
	GlobalSection(SolutionConfigurationPlatforms) = preSolution
		Debug|x64 = Debug|x64
		Debug|x86 = Debug|x86
		Release|x64 = Release|x64
		Release|x86 = Release|x86
	EndGlobalSection
	GlobalSection(ProjectConfigurationPlatforms) = postSolution
		{D6E54A55-E3F4-4F9C-901B-995C7C51EADF}.Debug|x64.ActiveCfg = Debug|x64
		{D6E54A55-E3F4-4F9C-901B-995C7C51EADF}.Debug|x64.Build.0 = Debug|x64
		{D6E54A55-E3F4-4F9C-901B-995C7C51EADF}.Debug|x86.ActiveCfg = Debug|Win32
		{D6E54A55-E3F4-4F9C-901B-995C7C51EADF}.Debug|x86.Build.0 = Debug|Win32
		{D6E54A55-E3F4-4F9C-901B-995C7C51EADF}.Release|x64.ActiveCfg = Release|x64
		{D6E54A55-E3F4-4F9C-901B-995C7C51EADF}.Release|x64.Build.0 = Release|x64
		{D6E54A55-E3F4-4F9C-901B-995C7C51EADF}.Release|x86.ActiveCfg = Release|Win32
		{D6E54A55-E3F4-4F9C-901B-995C7C51EADF}.Release|x86.Build.0 = Release|Win32
	EndGlobalSection
	GlobalSection(SolutionProperties) = preSolution
		HideSolutionNode = FALSE
	EndGlobalSection
	GlobalSection(ExtensibilityGlobals) = postSolution
		SolutionGuid = {D3690FE7-793E-4338-9306-3E715008E6DB}
	EndGlobalSection
EndGlobal
